
Microsoft Visual Studio Solution File, Format Version 12.00
# Visual Studio 15
VisualStudioVersion = 15.0.27703.2000
MinimumVisualStudioVersion = 10.0.40219.1
Project("{FAE04EC0-301F-11D3-BF4B-00C04F79EFBC}") = "EdinetViewer", "EdinetViewer\EdinetViewer.csproj", "{3BE5F911-3718-404F-8789-DBC87BBCE9E2}"
EndProject
Global
	GlobalSection(SolutionConfigurationPlatforms) = preSolution
		Debug|Any CPU = Debug|Any CPU
		Release|Any CPU = Release|Any CPU
	EndGlobalSection
	GlobalSection(ProjectConfigurationPlatforms) = postSolution
		{3BE5F911-3718-404F-8789-DBC87BBCE9E2}.Debug|Any CPU.ActiveCfg = Debug|Any CPU
		{3BE5F911-3718-404F-8789-DBC87BBCE9E2}.Debug|Any CPU.Build.0 = Debug|Any CPU
		{3BE5F911-3718-404F-8789-DBC87BBCE9E2}.Release|Any CPU.ActiveCfg = Release|Any CPU
		{3BE5F911-3718-404F-8789-DBC87BBCE9E2}.Release|Any CPU.Build.0 = Release|Any CPU
	EndGlobalSection
	GlobalSection(SolutionProperties) = preSolution
		HideSolutionNode = FALSE
	EndGlobalSection
	GlobalSection(ExtensibilityGlobals) = postSolution
		SolutionGuid = {16CDA2C3-DC1F-45E0-85AC-442FCBA039C7}
	EndGlobalSection
EndGlobal
